// !$*UTF8*$!
{
	archiveVersion = 1;
	classes = {
	};
	objectVersion = 77;
	objects = {

/* Begin PBXBuildFile section */
		02737DCD2EC935EB00DD3FCB /* GoogleService-Info.plist in Resources */ = {isa = PBXBuildFile; fileRef = 02737DCC2EC935EB00DD3FCB /* GoogleService-Info.plist */; };
		02737DD02EC937CE00DD3FCB /* FirebaseAuth in Frameworks */ = {isa = PBXBuildFile; productRef = 02737DCF2EC937CE00DD3FCB /* FirebaseAuth */; };
		02737DD22EC937CE00DD3FCB /* FirebaseCore in Frameworks */ = {isa = PBXBuildFile; productRef = 02737DD12EC937CE00DD3FCB /* FirebaseCore */; };
		02737DD42EC937CE00DD3FCB /* FirebaseDatabase in Frameworks */ = {isa = PBXBuildFile; productRef = 02737DD32EC937CE00DD3FCB /* FirebaseDatabase */; };
		02737DD62EC937CE00DD3FCB /* FirebaseFirestore in Frameworks */ = {isa = PBXBuildFile; productRef = 02737DD52EC937CE00DD3FCB /* FirebaseFirestore */; };
		02737DD82EC937CE00DD3FCB /* FirebaseStorage in Frameworks */ = {isa = PBXBuildFile; productRef = 02737DD72EC937CE00DD3FCB /* FirebaseStorage */; };
/* End PBXBuildFile section */

/* Begin PBXContainerItemProxy section */
		02EBD9C02EC7559D00DAD362 /* PBXContainerItemProxy */ = {
			isa = PBXContainerItemProxy;
			containerPortal = 02EBD9A72EC7559B00DAD362 /* Project object */;
			proxyType = 1;
			remoteGlobalIDString = 02EBD9AE2EC7559B00DAD362;
			remoteInfo = Flow;
		};
		02EBD9CA2EC7559D00DAD362 /* PBXContainerItemProxy */ = {
			isa = PBXContainerItemProxy;
			containerPortal = 02EBD9A72EC7559B00DAD362 /* Project object */;
			proxyType = 1;
			remoteGlobalIDString = 02EBD9AE2EC7559B00DAD362;
			remoteInfo = Flow;
		};
/* End PBXContainerItemProxy section */

/* Begin PBXFileReference section */
		02737DCC2EC935EB00DD3FCB /* GoogleService-Info.plist */ = {isa = PBXFileReference; lastKnownFileType = text.plist.xml; path = "GoogleService-Info.plist"; sourceTree = "<group>"; };
		02EBD9AF2EC7559B00DAD362 /* Flow.app */ = {isa = PBXFileReference; explicitFileType = wrapper.application; includeInIndex = 0; path = Flow.app; sourceTree = BUILT_PRODUCTS_DIR; };
		02EBD9BF2EC7559D00DAD362 /* FlowTests.xctest */ = {isa = PBXFileReference; explicitFileType = wrapper.cfbundle; includeInIndex = 0; path = FlowTests.xctest; sourceTree = BUILT_PRODUCTS_DIR; };
		02EBD9C92EC7559D00DAD362 /* FlowUITests.xctest */ = {isa = PBXFileReference; explicitFileType = wrapper.cfbundle; includeInIndex = 0; path = FlowUITests.xctest; sourceTree = BUILT_PRODUCTS_DIR; };
/* End PBXFileReference section */

/* Begin PBXFileSystemSynchronizedBuildFileExceptionSet section */
		02737DDE2EC9582500DD3FCB /* Exceptions for "Flow" folder in "Flow" target */ = {
			isa = PBXFileSystemSynchronizedBuildFileExceptionSet;
			membershipExceptions = (
				Info.plist,
			);
			target = 02EBD9AE2EC7559B00DAD362 /* Flow */;
		};
/* End PBXFileSystemSynchronizedBuildFileExceptionSet section */

/* Begin PBXFileSystemSynchronizedRootGroup section */
		02EBD9B12EC7559B00DAD362 /* Flow */ = {
			isa = PBXFileSystemSynchronizedRootGroup;
			exceptions = (
				02737DDE2EC9582500DD3FCB /* Exceptions for "Flow" folder in "Flow" target */,
			);
			path = Flow;
			sourceTree = "<group>";
		};
		02EBD9C22EC7559D00DAD362 /* FlowTests */ = {
			isa = PBXFileSystemSynchronizedRootGroup;
			path = FlowTests;
			sourceTree = "<group>";
		};
		02EBD9CC2EC7559D00DAD362 /* FlowUITests */ = {
			isa = PBXFileSystemSynchronizedRootGroup;
			path = FlowUITests;
			sourceTree = "<group>";
		};
/* End PBXFileSystemSynchronizedRootGroup section */

/* Begin PBXFrameworksBuildPhase section */
		02EBD9AC2EC7559B00DAD362 /* Frameworks */ = {
			isa = PBXFrameworksBuildPhase;
			buildActionMask = 2147483647;
			files = (
				02737DD42EC937CE00DD3FCB /* FirebaseDatabase in Frameworks */,
				02737DD62EC937CE00DD3FCB /* FirebaseFirestore in Frameworks */,
				02737DD22EC937CE00DD3FCB /* FirebaseCore in Frameworks */,
				02737DD82EC937CE00DD3FCB /* FirebaseStorage in Frameworks */,
				02737DD02EC937CE00DD3FCB /* FirebaseAuth in Frameworks */,
			);
			runOnlyForDeploymentPostprocessing = 0;
		};
		02EBD9BC2EC7559D00DAD362 /* Frameworks */ = {
			isa = PBXFrameworksBuildPhase;
			buildActionMask = 2147483647;
			files = (
			);
			runOnlyForDeploymentPostprocessing = 0;
		};
		02EBD9C62EC7559D00DAD362 /* Frameworks */ = {
			isa = PBXFrameworksBuildPhase;
			buildActionMask = 2147483647;
			files = (
			);
			runOnlyForDeploymentPostprocessing = 0;
		};
/* End PBXFrameworksBuildPhase section */

/* Begin PBXGroup section */
		02EBD9A62EC7559B00DAD362 = {
			isa = PBXGroup;
			children = (
				02737DCC2EC935EB00DD3FCB /* GoogleService-Info.plist */,
				02EBD9B12EC7559B00DAD362 /* Flow */,
				02EBD9C22EC7559D00DAD362 /* FlowTests */,
				02EBD9CC2EC7559D00DAD362 /* FlowUITests */,
				02EBD9B02EC7559B00DAD362 /* Products */,
			);
			sourceTree = "<group>";
		};
		02EBD9B02EC7559B00DAD362 /* Products */ = {
			isa = PBXGroup;
			children = (
				02EBD9AF2EC7559B00DAD362 /* Flow.app */,
				02EBD9BF2EC7559D00DAD362 /* FlowTests.xctest */,
				02EBD9C92EC7559D00DAD362 /* FlowUITests.xctest */,
			);
			name = Products;
			sourceTree = "<group>";
		};
/* End PBXGroup section */

/* Begin PBXNativeTarget section */
		02EBD9AE2EC7559B00DAD362 /* Flow */ = {
			isa = PBXNativeTarget;
			buildConfigurationList = 02EBD9D32EC7559D00DAD362 /* Build configuration list for PBXNativeTarget "Flow" */;
			buildPhases = (
				02EBD9AB2EC7559B00DAD362 /* Sources */,
				02EBD9AC2EC7559B00DAD362 /* Frameworks */,
				02EBD9AD2EC7559B00DAD362 /* Resources */,
			);
			buildRules = (
			);
			dependencies = (
			);
			fileSystemSynchronizedGroups = (
				02EBD9B12EC7559B00DAD362 /* Flow */,
			);
			name = Flow;
			packageProductDependencies = (
				02737DCF2EC937CE00DD3FCB /* FirebaseAuth */,
				02737DD12EC937CE00DD3FCB /* FirebaseCore */,
				02737DD32EC937CE00DD3FCB /* FirebaseDatabase */,
				02737DD52EC937CE00DD3FCB /* FirebaseFirestore */,
				02737DD72EC937CE00DD3FCB /* FirebaseStorage */,
			);
			productName = Flow;
			productReference = 02EBD9AF2EC7559B00DAD362 /* Flow.app */;
			productType = "com.apple.product-type.application";
		};
		02EBD9BE2EC7559D00DAD362 /* FlowTests */ = {
			isa = PBXNativeTarget;
			buildConfigurationList = 02EBD9D62EC7559D00DAD362 /* Build configuration list for PBXNativeTarget "FlowTests" */;
			buildPhases = (
				02EBD9BB2EC7559D00DAD362 /* Sources */,
				02EBD9BC2EC7559D00DAD362 /* Frameworks */,
				02EBD9BD2EC7559D00DAD362 /* Resources */,
			);
			buildRules = (
			);
			dependencies = (
				02EBD9C12EC7559D00DAD362 /* PBXTargetDependency */,
			);
			fileSystemSynchronizedGroups = (
				02EBD9C22EC7559D00DAD362 /* FlowTests */,
			);
			name = FlowTests;
			packageProductDependencies = (
			);
			productName = FlowTests;
			productReference = 02EBD9BF2EC7559D00DAD362 /* FlowTests.xctest */;
			productType = "com.apple.product-type.bundle.unit-test";
		};
		02EBD9C82EC7559D00DAD362 /* FlowUITests */ = {
			isa = PBXNativeTarget;
			buildConfigurationList = 02EBD9D92EC7559D00DAD362 /* Build configuration list for PBXNativeTarget "FlowUITests" */;
			buildPhases = (
				02EBD9C52EC7559D00DAD362 /* Sources */,
				02EBD9C62EC7559D00DAD362 /* Frameworks */,
				02EBD9C72EC7559D00DAD362 /* Resources */,
			);
			buildRules = (
			);
			dependencies = (
				02EBD9CB2EC7559D00DAD362 /* PBXTargetDependency */,
			);
			fileSystemSynchronizedGroups = (
				02EBD9CC2EC7559D00DAD362 /* FlowUITests */,
			);
			name = FlowUITests;
			packageProductDependencies = (
			);
			productName = FlowUITests;
			productReference = 02EBD9C92EC7559D00DAD362 /* FlowUITests.xctest */;
			productType = "com.apple.product-type.bundle.ui-testing";
		};
/* End PBXNativeTarget section */

/* Begin PBXProject section */
		02EBD9A72EC7559B00DAD362 /* Project object */ = {
			isa = PBXProject;
			attributes = {
				BuildIndependentTargetsInParallel = 1;
				LastSwiftUpdateCheck = 1620;
				LastUpgradeCheck = 1620;
				TargetAttributes = {
					02EBD9AE2EC7559B00DAD362 = {
						CreatedOnToolsVersion = 16.2;
					};
					02EBD9BE2EC7559D00DAD362 = {
						CreatedOnToolsVersion = 16.2;
						TestTargetID = 02EBD9AE2EC7559B00DAD362;
					};
					02EBD9C82EC7559D00DAD362 = {
						CreatedOnToolsVersion = 16.2;
						TestTargetID = 02EBD9AE2EC7559B00DAD362;
					};
				};
			};
			buildConfigurationList = 02EBD9AA2EC7559B00DAD362 /* Build configuration list for PBXProject "Flow" */;
			developmentRegion = en;
			hasScannedForEncodings = 0;
			knownRegions = (
				en,
				Base,
			);
			mainGroup = 02EBD9A62EC7559B00DAD362;
			minimizedProjectReferenceProxies = 1;
			packageReferences = (
				02737DCE2EC936A400DD3FCB /* XCRemoteSwiftPackageReference "firebase-ios-sdk" */,
			);
			preferredProjectObjectVersion = 77;
			productRefGroup = 02EBD9B02EC7559B00DAD362 /* Products */;
			projectDirPath = "";
			projectRoot = "";
			targets = (
				02EBD9AE2EC7559B00DAD362 /* Flow */,
				02EBD9BE2EC7559D00DAD362 /* FlowTests */,
				02EBD9C82EC7559D00DAD362 /* FlowUITests */,
			);
		};
/* End PBXProject section */

/* Begin PBXResourcesBuildPhase section */
		02EBD9AD2EC7559B00DAD362 /* Resources */ = {
			isa = PBXResourcesBuildPhase;
			buildActionMask = 2147483647;
			files = (
				02737DCD2EC935EB00DD3FCB /* GoogleService-Info.plist in Resources */,
			);
			runOnlyForDeploymentPostprocessing = 0;
		};
		02EBD9BD2EC7559D00DAD362 /* Resources */ = {
			isa = PBXResourcesBuildPhase;
			buildActionMask = 2147483647;
			files = (
			);
			runOnlyForDeploymentPostprocessing = 0;
		};
		02EBD9C72EC7559D00DAD362 /* Resources */ = {
			isa = PBXResourcesBuildPhase;
			buildActionMask = 2147483647;
			files = (
			);
			runOnlyForDeploymentPostprocessing = 0;
		};
/* End PBXResourcesBuildPhase section */

/* Begin PBXSourcesBuildPhase section */
		02EBD9AB2EC7559B00DAD362 /* Sources */ = {
			isa = PBXSourcesBuildPhase;
			buildActionMask = 2147483647;
			files = (
			);
			runOnlyForDeploymentPostprocessing = 0;
		};
		02EBD9BB2EC7559D00DAD362 /* Sources */ = {
			isa = PBXSourcesBuildPhase;
			buildActionMask = 2147483647;
			files = (
			);
			runOnlyForDeploymentPostprocessing = 0;
		};
		02EBD9C52EC7559D00DAD362 /* Sources */ = {
			isa = PBXSourcesBuildPhase;
			buildActionMask = 2147483647;
			files = (
			);
			runOnlyForDeploymentPostprocessing = 0;
		};
/* End PBXSourcesBuildPhase section */

/* Begin PBXTargetDependency section */
		02EBD9C12EC7559D00DAD362 /* PBXTargetDependency */ = {
			isa = PBXTargetDependency;
			target = 02EBD9AE2EC7559B00DAD362 /* Flow */;
			targetProxy = 02EBD9C02EC7559D00DAD362 /* PBXContainerItemProxy */;
		};
		02EBD9CB2EC7559D00DAD362 /* PBXTargetDependency */ = {
			isa = PBXTargetDependency;
			target = 02EBD9AE2EC7559B00DAD362 /* Flow */;
			targetProxy = 02EBD9CA2EC7559D00DAD362 /* PBXContainerItemProxy */;
		};
/* End PBXTargetDependency section */

/* Begin XCBuildConfiguration section */
		02EBD9D12EC7559D00DAD362 /* Debug */ = {
			isa = XCBuildConfiguration;
			buildSettings = {
				ALWAYS_SEARCH_USER_PATHS = NO;
				ASSETCATALOG_COMPILER_GENERATE_SWIFT_ASSET_SYMBOL_EXTENSIONS = YES;
				CLANG_ANALYZER_NONNULL = YES;
				CLANG_ANALYZER_NUMBER_OBJECT_CONVERSION = YES_AGGRESSIVE;
				CLANG_CXX_LANGUAGE_STANDARD = "gnu++20";
				CLANG_ENABLE_MODULES = YES;
				CLANG_ENABLE_OBJC_ARC = YES;
				CLANG_ENABLE_OBJC_WEAK = YES;
				CLANG_WARN_BLOCK_CAPTURE_AUTORELEASING = YES;
				CLANG_WARN_BOOL_CONVERSION = YES;
				CLANG_WARN_COMMA = YES;
				CLANG_WARN_CONSTANT_CONVERSION = YES;
				CLANG_WARN_DEPRECATED_OBJC_IMPLEMENTATIONS = YES;
				CLANG_WARN_DIRECT_OBJC_ISA_USAGE = YES_ERROR;
				CLANG_WARN_DOCUMENTATION_COMMENTS = YES;
				CLANG_WARN_EMPTY_BODY = YES;
				CLANG_WARN_ENUM_CONVERSION = YES;
				CLANG_WARN_INFINITE_RECURSION = YES;
				CLANG_WARN_INT_CONVERSION = YES;
				CLANG_WARN_NON_LITERAL_NULL_CONVERSION = YES;
				CLANG_WARN_OBJC_IMPLICIT_RETAIN_SELF = YES;
				CLANG_WARN_OBJC_LITERAL_CONVERSION = YES;
				CLANG_WARN_OBJC_ROOT_CLASS = YES_ERROR;
				CLANG_WARN_QUOTED_INCLUDE_IN_FRAMEWORK_HEADER = YES;
				CLANG_WARN_RANGE_LOOP_ANALYSIS = YES;
				CLANG_WARN_STRICT_PROTOTYPES = YES;
				CLANG_WARN_SUSPICIOUS_MOVE = YES;
				CLANG_WARN_UNGUARDED_AVAILABILITY = YES_AGGRESSIVE;
				CLANG_WARN_UNREACHABLE_CODE = YES;
				CLANG_WARN__DUPLICATE_METHOD_MATCH = YES;
				COPY_PHASE_STRIP = NO;
				DEBUG_INFORMATION_FORMAT = dwarf;
				ENABLE_STRICT_OBJC_MSGSEND = YES;
				ENABLE_TESTABILITY = YES;
				ENABLE_USER_SCRIPT_SANDBOXING = YES;
				GCC_C_LANGUAGE_STANDARD = gnu17;
				GCC_DYNAMIC_NO_PIC = NO;
				GCC_NO_COMMON_BLOCKS = YES;
				GCC_OPTIMIZATION_LEVEL = 0;
				GCC_PREPROCESSOR_DEFINITIONS = (
					"DEBUG=1",
					"$(inherited)",
				);
				GCC_WARN_64_TO_32_BIT_CONVERSION = YES;
				GCC_WARN_ABOUT_RETURN_TYPE = YES_ERROR;
				GCC_WARN_UNDECLARED_SELECTOR = YES;
				GCC_WARN_UNINITIALIZED_AUTOS = YES_AGGRESSIVE;
				GCC_WARN_UNUSED_FUNCTION = YES;
				GCC_WARN_UNUSED_VARIABLE = YES;
				IPHONEOS_DEPLOYMENT_TARGET = 18.2;
				LOCALIZATION_PREFERS_STRING_CATALOGS = YES;
				MTL_ENABLE_DEBUG_INFO = INCLUDE_SOURCE;
				MTL_FAST_MATH = YES;
				ONLY_ACTIVE_ARCH = YES;
				SDKROOT = iphoneos;
				SWIFT_ACTIVE_COMPILATION_CONDITIONS = "DEBUG $(inherited)";
				SWIFT_OPTIMIZATION_LEVEL = "-Onone";
			};
			name = Debug;
		};
		02EBD9D22EC7559D00DAD362 /* Release */ = {
			isa = XCBuildConfiguration;
			buildSettings = {
				ALWAYS_SEARCH_USER_PATHS = NO;
				ASSETCATALOG_COMPILER_GENERATE_SWIFT_ASSET_SYMBOL_EXTENSIONS = YES;
				CLANG_ANALYZER_NONNULL = YES;
				CLANG_ANALYZER_NUMBER_OBJECT_CONVERSION = YES_AGGRESSIVE;
				CLANG_CXX_LANGUAGE_STANDARD = "gnu++20";
				CLANG_ENABLE_MODULES = YES;
				CLANG_ENABLE_OBJC_ARC = YES;
				CLANG_ENABLE_OBJC_WEAK = YES;
				CLANG_WARN_BLOCK_CAPTURE_AUTORELEASING = YES;
				CLANG_WARN_BOOL_CONVERSION = YES;
				CLANG_WARN_COMMA = YES;
				CLANG_WARN_CONSTANT_CONVERSION = YES;
				CLANG_WARN_DEPRECATED_OBJC_IMPLEMENTATIONS = YES;
				CLANG_WARN_DIRECT_OBJC_ISA_USAGE = YES_ERROR;
				CLANG_WARN_DOCUMENTATION_COMMENTS = YES;
				CLANG_WARN_EMPTY_BODY = YES;
				CLANG_WARN_ENUM_CONVERSION = YES;
				CLANG_WARN_INFINITE_RECURSION = YES;
				CLANG_WARN_INT_CONVERSION = YES;
				CLANG_WARN_NON_LITERAL_NULL_CONVERSION = YES;
				CLANG_WARN_OBJC_IMPLICIT_RETAIN_SELF = YES;
				CLANG_WARN_OBJC_LITERAL_CONVERSION = YES;
				CLANG_WARN_OBJC_ROOT_CLASS = YES_ERROR;
				CLANG_WARN_QUOTED_INCLUDE_IN_FRAMEWORK_HEADER = YES;
				CLANG_WARN_RANGE_LOOP_ANALYSIS = YES;
				CLANG_WARN_STRICT_PROTOTYPES = YES;
				CLANG_WARN_SUSPICIOUS_MOVE = YES;
				CLANG_WARN_UNGUARDED_AVAILABILITY = YES_AGGRESSIVE;
				CLANG_WARN_UNREACHABLE_CODE = YES;
				CLANG_WARN__DUPLICATE_METHOD_MATCH = YES;
				COPY_PHASE_STRIP = NO;
				DEBUG_INFORMATION_FORMAT = "dwarf-with-dsym";
				ENABLE_NS_ASSERTIONS = NO;
				ENABLE_STRICT_OBJC_MSGSEND = YES;
				ENABLE_USER_SCRIPT_SANDBOXING = YES;
				GCC_C_LANGUAGE_STANDARD = gnu17;
				GCC_NO_COMMON_BLOCKS = YES;
				GCC_WARN_64_TO_32_BIT_CONVERSION = YES;
				GCC_WARN_ABOUT_RETURN_TYPE = YES_ERROR;
				GCC_WARN_UNDECLARED_SELECTOR = YES;
				GCC_WARN_UNINITIALIZED_AUTOS = YES_AGGRESSIVE;
				GCC_WARN_UNUSED_FUNCTION = YES;
				GCC_WARN_UNUSED_VARIABLE = YES;
				IPHONEOS_DEPLOYMENT_TARGET = 18.2;
				LOCALIZATION_PREFERS_STRING_CATALOGS = YES;
				MTL_ENABLE_DEBUG_INFO = NO;
				MTL_FAST_MATH = YES;
				SDKROOT = iphoneos;
				SWIFT_COMPILATION_MODE = wholemodule;
				VALIDATE_PRODUCT = YES;
			};
			name = Release;
		};
		02EBD9D42EC7559D00DAD362 /* Debug */ = {
			isa = XCBuildConfiguration;
			buildSettings = {
				ASSETCATALOG_COMPILER_APPICON_NAME = AppIcon;
				ASSETCATALOG_COMPILER_GLOBAL_ACCENT_COLOR_NAME = AccentColor;
				CODE_SIGN_STYLE = Automatic;
				CURRENT_PROJECT_VERSION = 1;
				DEVELOPMENT_ASSET_PATHS = "\"Flow/Preview Content\"";
				DEVELOPMENT_TEAM = 295MW5GMV2;
				ENABLE_PREVIEWS = YES;
				GENERATE_INFOPLIST_FILE = YES;
				INFOPLIST_FILE = Flow/Info.plist;
				INFOPLIST_KEY_LSApplicationCategoryType = "";
				INFOPLIST_KEY_NSLocationWhenInUseUsageDescription = "";
				INFOPLIST_KEY_UIApplicationSceneManifest_Generation = YES;
				INFOPLIST_KEY_UIApplicationSupportsIndirectInputEvents = YES;
				INFOPLIST_KEY_UILaunchScreen_Generation = YES;
				INFOPLIST_KEY_UISupportedInterfaceOrientations_iPad = "UIInterfaceOrientationPortrait UIInterfaceOrientationPortraitUpsideDown UIInterfaceOrientationLandscapeLeft UIInterfaceOrientationLandscapeRight";
				INFOPLIST_KEY_UISupportedInterfaceOrientations_iPhone = "UIInterfaceOrientationPortrait UIInterfaceOrientationLandscapeLeft UIInterfaceOrientationLandscapeRight";
				LD_RUNPATH_SEARCH_PATHS = (
					"$(inherited)",
					"@executable_path/Frameworks",
				);
				MARKETING_VERSION = 1.0;
				PRODUCT_BUNDLE_IDENTIFIER = Bogdan.Flow;
				PRODUCT_NAME = "$(TARGET_NAME)";
				SWIFT_EMIT_LOC_STRINGS = YES;
				SWIFT_VERSION = 5.0;
				TARGETED_DEVICE_FAMILY = "1,2";
			};
			name = Debug;
		};
		02EBD9D52EC7559D00DAD362 /* Release */ = {
			isa = XCBuildConfiguration;
			buildSettings = {
				ASSETCATALOG_COMPILER_APPICON_NAME = AppIcon;
				ASSETCATALOG_COMPILER_GLOBAL_ACCENT_COLOR_NAME = AccentColor;
				CODE_SIGN_STYLE = Automatic;
				CURRENT_PROJECT_VERSION = 1;
				DEVELOPMENT_ASSET_PATHS = "\"Flow/Preview Content\"";
				DEVELOPMENT_TEAM = 295MW5GMV2;
				ENABLE_PREVIEWS = YES;
				GENERATE_INFOPLIST_FILE = YES;
				INFOPLIST_FILE = Flow/Info.plist;
				INFOPLIST_KEY_LSApplicationCategoryType = "";
				INFOPLIST_KEY_NSLocationWhenInUseUsageDescription = "";
				INFOPLIST_KEY_UIApplicationSceneManifest_Generation = YES;
				INFOPLIST_KEY_UIApplicationSupportsIndirectInputEvents = YES;
				INFOPLIST_KEY_UILaunchScreen_Generation = YES;
				INFOPLIST_KEY_UISupportedInterfaceOrientations_iPad = "UIInterfaceOrientationPortrait UIInterfaceOrientationPortraitUpsideDown UIInterfaceOrientationLandscapeLeft UIInterfaceOrientationLandscapeRight";
				INFOPLIST_KEY_UISupportedInterfaceOrientations_iPhone = "UIInterfaceOrientationPortrait UIInterfaceOrientationLandscapeLeft UIInterfaceOrientationLandscapeRight";
				LD_RUNPATH_SEARCH_PATHS = (
					"$(inherited)",
					"@executable_path/Frameworks",
				);
				MARKETING_VERSION = 1.0;
				PRODUCT_BUNDLE_IDENTIFIER = Bogdan.Flow;
				PRODUCT_NAME = "$(TARGET_NAME)";
				SWIFT_EMIT_LOC_STRINGS = YES;
				SWIFT_VERSION = 5.0;
				TARGETED_DEVICE_FAMILY = "1,2";
			};
			name = Release;
		};
		02EBD9D72EC7559D00DAD362 /* Debug */ = {
			isa = XCBuildConfiguration;
			buildSettings = {
				BUNDLE_LOADER = "$(TEST_HOST)";
				CODE_SIGN_STYLE = Automatic;
				CURRENT_PROJECT_VERSION = 1;
				DEVELOPMENT_TEAM = 295MW5GMV2;
				GENERATE_INFOPLIST_FILE = YES;
				IPHONEOS_DEPLOYMENT_TARGET = 18.2;
				MARKETING_VERSION = 1.0;
				PRODUCT_BUNDLE_IDENTIFIER = Bogdan.FlowTests;
				PRODUCT_NAME = "$(TARGET_NAME)";
				SWIFT_EMIT_LOC_STRINGS = NO;
				SWIFT_VERSION = 5.0;
				TARGETED_DEVICE_FAMILY = "1,2";
				TEST_HOST = "$(BUILT_PRODUCTS_DIR)/Flow.app/$(BUNDLE_EXECUTABLE_FOLDER_PATH)/Flow";
			};
			name = Debug;
		};
		02EBD9D82EC7559D00DAD362 /* Release */ = {
			isa = XCBuildConfiguration;
			buildSettings = {
				BUNDLE_LOADER = "$(TEST_HOST)";
				CODE_SIGN_STYLE = Automatic;
				CURRENT_PROJECT_VERSION = 1;
				DEVELOPMENT_TEAM = 295MW5GMV2;
				GENERATE_INFOPLIST_FILE = YES;
				IPHONEOS_DEPLOYMENT_TARGET = 18.2;
				MARKETING_VERSION = 1.0;
				PRODUCT_BUNDLE_IDENTIFIER = Bogdan.FlowTests;
				PRODUCT_NAME = "$(TARGET_NAME)";
				SWIFT_EMIT_LOC_STRINGS = NO;
				SWIFT_VERSION = 5.0;
				TARGETED_DEVICE_FAMILY = "1,2";
				TEST_HOST = "$(BUILT_PRODUCTS_DIR)/Flow.app/$(BUNDLE_EXECUTABLE_FOLDER_PATH)/Flow";
			};
			name = Release;
		};
		02EBD9DA2EC7559D00DAD362 /* Debug */ = {
			isa = XCBuildConfiguration;
			buildSettings = {
				CODE_SIGN_STYLE = Automatic;
				CURRENT_PROJECT_VERSION = 1;
				DEVELOPMENT_TEAM = 295MW5GMV2;
				GENERATE_INFOPLIST_FILE = YES;
				MARKETING_VERSION = 1.0;
				PRODUCT_BUNDLE_IDENTIFIER = Bogdan.FlowUITests;
				PRODUCT_NAME = "$(TARGET_NAME)";
				SWIFT_EMIT_LOC_STRINGS = NO;
				SWIFT_VERSION = 5.0;
				TARGETED_DEVICE_FAMILY = "1,2";
				TEST_TARGET_NAME = Flow;
			};
			name = Debug;
		};
		02EBD9DB2EC7559D00DAD362 /* Release */ = {
			isa = XCBuildConfiguration;
			buildSettings = {
				CODE_SIGN_STYLE = Automatic;
				CURRENT_PROJECT_VERSION = 1;
				DEVELOPMENT_TEAM = 295MW5GMV2;
				GENERATE_INFOPLIST_FILE = YES;
				MARKETING_VERSION = 1.0;
				PRODUCT_BUNDLE_IDENTIFIER = Bogdan.FlowUITests;
				PRODUCT_NAME = "$(TARGET_NAME)";
				SWIFT_EMIT_LOC_STRINGS = NO;
				SWIFT_VERSION = 5.0;
				TARGETED_DEVICE_FAMILY = "1,2";
				TEST_TARGET_NAME = Flow;
			};
			name = Release;
		};
/* End XCBuildConfiguration section */

/* Begin XCConfigurationList section */
		02EBD9AA2EC7559B00DAD362 /* Build configuration list for PBXProject "Flow" */ = {
			isa = XCConfigurationList;
			buildConfigurations = (
				02EBD9D12EC7559D00DAD362 /* Debug */,
				02EBD9D22EC7559D00DAD362 /* Release */,
			);
			defaultConfigurationIsVisible = 0;
			defaultConfigurationName = Release;
		};
		02EBD9D32EC7559D00DAD362 /* Build configuration list for PBXNativeTarget "Flow" */ = {
			isa = XCConfigurationList;
			buildConfigurations = (
				02EBD9D42EC7559D00DAD362 /* Debug */,
				02EBD9D52EC7559D00DAD362 /* Release */,
			);
			defaultConfigurationIsVisible = 0;
			defaultConfigurationName = Release;
		};
		02EBD9D62EC7559D00DAD362 /* Build configuration list for PBXNativeTarget "FlowTests" */ = {
			isa = XCConfigurationList;
			buildConfigurations = (
				02EBD9D72EC7559D00DAD362 /* Debug */,
				02EBD9D82EC7559D00DAD362 /* Release */,
			);
			defaultConfigurationIsVisible = 0;
			defaultConfigurationName = Release;
		};
		02EBD9D92EC7559D00DAD362 /* Build configuration list for PBXNativeTarget "FlowUITests" */ = {
			isa = XCConfigurationList;
			buildConfigurations = (
				02EBD9DA2EC7559D00DAD362 /* Debug */,
				02EBD9DB2EC7559D00DAD362 /* Release */,
			);
			defaultConfigurationIsVisible = 0;
			defaultConfigurationName = Release;
		};
/* End XCConfigurationList section */

/* Begin XCRemoteSwiftPackageReference section */
		02737DCE2EC936A400DD3FCB /* XCRemoteSwiftPackageReference "firebase-ios-sdk" */ = {
			isa = XCRemoteSwiftPackageReference;
			repositoryURL = "https://github.com/firebase/firebase-ios-sdk";
			requirement = {
				kind = upToNextMajorVersion;
				minimumVersion = 12.6.0;
			};
		};
/* End XCRemoteSwiftPackageReference section */

/* Begin XCSwiftPackageProductDependency section */
		02737DCF2EC937CE00DD3FCB /* FirebaseAuth */ = {
			isa = XCSwiftPackageProductDependency;
			package = 02737DCE2EC936A400DD3FCB /* XCRemoteSwiftPackageReference "firebase-ios-sdk" */;
			productName = FirebaseAuth;
		};
		02737DD12EC937CE00DD3FCB /* FirebaseCore */ = {
			isa = XCSwiftPackageProductDependency;
			package = 02737DCE2EC936A400DD3FCB /* XCRemoteSwiftPackageReference "firebase-ios-sdk" */;
			productName = FirebaseCore;
		};
		02737DD32EC937CE00DD3FCB /* FirebaseDatabase */ = {
			isa = XCSwiftPackageProductDependency;
			package = 02737DCE2EC936A400DD3FCB /* XCRemoteSwiftPackageReference "firebase-ios-sdk" */;
			productName = FirebaseDatabase;
		};
		02737DD52EC937CE00DD3FCB /* FirebaseFirestore */ = {
			isa = XCSwiftPackageProductDependency;
			package = 02737DCE2EC936A400DD3FCB /* XCRemoteSwiftPackageReference "firebase-ios-sdk" */;
			productName = FirebaseFirestore;
		};
		02737DD72EC937CE00DD3FCB /* FirebaseStorage */ = {
			isa = XCSwiftPackageProductDependency;
			package = 02737DCE2EC936A400DD3FCB /* XCRemoteSwiftPackageReference "firebase-ios-sdk" */;
			productName = FirebaseStorage;
		};
/* End XCSwiftPackageProductDependency section */
	};
	rootObject = 02EBD9A72EC7559B00DAD362 /* Project object */;
}
